
Microsoft Visual Studio Solution File, Format Version 12.00
# Visual Studio Version 16
VisualStudioVersion = 16.0.29311.281
MinimumVisualStudioVersion = 10.0.40219.1
Project("{FAE04EC0-301F-11D3-BF4B-00C04F79EFBC}") = "MaxicodeDecoder", "MaxicodeDecoder\MaxicodeDecoder.csproj", "{3841F8DB-E69D-4009-8903-64DBBA18FC4C}"
EndProject
Global
	GlobalSection(SolutionConfigurationPlatforms) = preSolution
		Debug|Any CPU = Debug|Any CPU
		Release|Any CPU = Release|Any CPU
	EndGlobalSection
	GlobalSection(ProjectConfigurationPlatforms) = postSolution
		{3841F8DB-E69D-4009-8903-64DBBA18FC4C}.Debug|Any CPU.ActiveCfg = Debug|Any CPU
		{3841F8DB-E69D-4009-8903-64DBBA18FC4C}.Debug|Any CPU.Build.0 = Debug|Any CPU
		{3841F8DB-E69D-4009-8903-64DBBA18FC4C}.Release|Any CPU.ActiveCfg = Release|Any CPU
		{3841F8DB-E69D-4009-8903-64DBBA18FC4C}.Release|Any CPU.Build.0 = Release|Any CPU
	EndGlobalSection
	GlobalSection(SolutionProperties) = preSolution
		HideSolutionNode = FALSE
	EndGlobalSection
	GlobalSection(ExtensibilityGlobals) = postSolution
		SolutionGuid = {8C8A7F82-2BA4-4B12-B8B2-CCC6052449E1}
	EndGlobalSection
EndGlobal
